
Microsoft Visual Studio Solution File, Format Version 12.00
Project("{FAE04EC0-301F-11D3-BF4B-00C04F79EFBC}") = "chat_gpt_client", "chat_gpt_client\chat_gpt_client.csproj", "{AD27036C-45C2-43AB-B95F-E88FCFA9966B}"
EndProject
Global
	GlobalSection(SolutionConfigurationPlatforms) = preSolution
		Debug|Any CPU = Debug|Any CPU
		Release|Any CPU = Release|Any CPU
	EndGlobalSection
	GlobalSection(ProjectConfigurationPlatforms) = postSolution
		{AD27036C-45C2-43AB-B95F-E88FCFA9966B}.Debug|Any CPU.ActiveCfg = Debug|Any CPU
		{AD27036C-45C2-43AB-B95F-E88FCFA9966B}.Debug|Any CPU.Build.0 = Debug|Any CPU
		{AD27036C-45C2-43AB-B95F-E88FCFA9966B}.Release|Any CPU.ActiveCfg = Release|Any CPU
		{AD27036C-45C2-43AB-B95F-E88FCFA9966B}.Release|Any CPU.Build.0 = Release|Any CPU
	EndGlobalSection
EndGlobal
